
Microsoft Visual Studio Solution File, Format Version 12.00
# Visual Studio 15
VisualStudioVersion = 15.0.26730.16
MinimumVisualStudioVersion = 10.0.40219.1
Project("{FAE04EC0-301F-11D3-BF4B-00C04F79EFBC}") = "ConquerTheNetworkSampleService", "ConquerTheNetworkSampleService\ConquerTheNetworkSampleService.csproj", "{61D93CFF-4DE8-4CC6-852A-3BDA1955C217}"
EndProject
Global
	GlobalSection(SolutionConfigurationPlatforms) = preSolution
		Debug|Any CPU = Debug|Any CPU
		Release|Any CPU = Release|Any CPU
	EndGlobalSection
	GlobalSection(ProjectConfigurationPlatforms) = postSolution
		{61D93CFF-4DE8-4CC6-852A-3BDA1955C217}.Debug|Any CPU.ActiveCfg = Debug|Any CPU
		{61D93CFF-4DE8-4CC6-852A-3BDA1955C217}.Debug|Any CPU.Build.0 = Debug|Any CPU
		{61D93CFF-4DE8-4CC6-852A-3BDA1955C217}.Release|Any CPU.ActiveCfg = Release|Any CPU
		{61D93CFF-4DE8-4CC6-852A-3BDA1955C217}.Release|Any CPU.Build.0 = Release|Any CPU
	EndGlobalSection
	GlobalSection(SolutionProperties) = preSolution
		HideSolutionNode = FALSE
	EndGlobalSection
	GlobalSection(ExtensibilityGlobals) = postSolution
		SolutionGuid = {CA7841F3-5709-48A2-949D-BA93BFF62365}
	EndGlobalSection
EndGlobal
